// !$*UTF8*$!
{
	archiveVersion = 1;
	classes = {
	};
	objectVersion = 50;
	objects = {

/* Begin PBXBuildFile section */
		DA29711E248CD4E6003F9D2B /* AppDelegate.swift in Sources */ = {isa = PBXBuildFile; fileRef = DA29711D248CD4E6003F9D2B /* AppDelegate.swift */; };
		DA297120248CD4E6003F9D2B /* SceneDelegate.swift in Sources */ = {isa = PBXBuildFile; fileRef = DA29711F248CD4E6003F9D2B /* SceneDelegate.swift */; };
		DA297122248CD4E6003F9D2B /* ViewController.swift in Sources */ = {isa = PBXBuildFile; fileRef = DA297121248CD4E6003F9D2B /* ViewController.swift */; };
		DA297125248CD4E6003F9D2B /* Main.storyboard in Resources */ = {isa = PBXBuildFile; fileRef = DA297123248CD4E6003F9D2B /* Main.storyboard */; };
		DA297127248CD4E9003F9D2B /* Assets.xcassets in Resources */ = {isa = PBXBuildFile; fileRef = DA297126248CD4E9003F9D2B /* Assets.xcassets */; };
		DA29712A248CD4E9003F9D2B /* LaunchScreen.storyboard in Resources */ = {isa = PBXBuildFile; fileRef = DA297128248CD4E9003F9D2B /* LaunchScreen.storyboard */; };
		DA297137248CD5FF003F9D2B /* UIView+Util.swift in Sources */ = {isa = PBXBuildFile; fileRef = DA297136248CD5FF003F9D2B /* UIView+Util.swift */; };
		DA297139248CD64F003F9D2B /* String+Util.swift in Sources */ = {isa = PBXBuildFile; fileRef = DA297138248CD64F003F9D2B /* String+Util.swift */; };
		DA29713B248CD81C003F9D2B /* Int+Util.swift in Sources */ = {isa = PBXBuildFile; fileRef = DA29713A248CD81C003F9D2B /* Int+Util.swift */; };
		DA29713D248CD852003F9D2B /* UIColor+Util.swift in Sources */ = {isa = PBXBuildFile; fileRef = DA29713C248CD852003F9D2B /* UIColor+Util.swift */; };
		DA29713F248CD861003F9D2B /* Utils.swift in Sources */ = {isa = PBXBuildFile; fileRef = DA29713E248CD861003F9D2B /* Utils.swift */; };
		DA297141248CD9A8003F9D2B /* UILabel+Util.swift in Sources */ = {isa = PBXBuildFile; fileRef = DA297140248CD9A8003F9D2B /* UILabel+Util.swift */; };
		DA297143248CDA05003F9D2B /* Date+Util.swift in Sources */ = {isa = PBXBuildFile; fileRef = DA297142248CDA05003F9D2B /* Date+Util.swift */; };
		DA297145248CDA4E003F9D2B /* UIImage+Util.swift in Sources */ = {isa = PBXBuildFile; fileRef = DA297144248CDA4E003F9D2B /* UIImage+Util.swift */; };
		DA297147248CDB26003F9D2B /* URL+Util.swift in Sources */ = {isa = PBXBuildFile; fileRef = DA297146248CDB26003F9D2B /* URL+Util.swift */; };
		DA29714B248CDD13003F9D2B /* APPSize.swift in Sources */ = {isa = PBXBuildFile; fileRef = DA29714A248CDD13003F9D2B /* APPSize.swift */; };
		DA29714F248CDE74003F9D2B /* UIFont+Util.swift in Sources */ = {isa = PBXBuildFile; fileRef = DA29714E248CDE74003F9D2B /* UIFont+Util.swift */; };
/* End PBXBuildFile section */

/* Begin PBXFileReference section */
		DA29711A248CD4E5003F9D2B /* JRUtils_Swift.app */ = {isa = PBXFileReference; explicitFileType = wrapper.application; includeInIndex = 0; path = JRUtils_Swift.app; sourceTree = BUILT_PRODUCTS_DIR; };
		DA29711D248CD4E6003F9D2B /* AppDelegate.swift */ = {isa = PBXFileReference; lastKnownFileType = sourcecode.swift; path = AppDelegate.swift; sourceTree = "<group>"; };
		DA29711F248CD4E6003F9D2B /* SceneDelegate.swift */ = {isa = PBXFileReference; lastKnownFileType = sourcecode.swift; path = SceneDelegate.swift; sourceTree = "<group>"; };
		DA297121248CD4E6003F9D2B /* ViewController.swift */ = {isa = PBXFileReference; lastKnownFileType = sourcecode.swift; path = ViewController.swift; sourceTree = "<group>"; };
		DA297124248CD4E6003F9D2B /* Base */ = {isa = PBXFileReference; lastKnownFileType = file.storyboard; name = Base; path = Base.lproj/Main.storyboard; sourceTree = "<group>"; };
		DA297126248CD4E9003F9D2B /* Assets.xcassets */ = {isa = PBXFileReference; lastKnownFileType = folder.assetcatalog; path = Assets.xcassets; sourceTree = "<group>"; };
		DA297129248CD4E9003F9D2B /* Base */ = {isa = PBXFileReference; lastKnownFileType = file.storyboard; name = Base; path = Base.lproj/LaunchScreen.storyboard; sourceTree = "<group>"; };
		DA29712B248CD4E9003F9D2B /* Info.plist */ = {isa = PBXFileReference; lastKnownFileType = text.plist.xml; path = Info.plist; sourceTree = "<group>"; };
		DA297136248CD5FF003F9D2B /* UIView+Util.swift */ = {isa = PBXFileReference; lastKnownFileType = sourcecode.swift; path = "UIView+Util.swift"; sourceTree = "<group>"; };
		DA297138248CD64F003F9D2B /* String+Util.swift */ = {isa = PBXFileReference; lastKnownFileType = sourcecode.swift; path = "String+Util.swift"; sourceTree = "<group>"; };
		DA29713A248CD81C003F9D2B /* Int+Util.swift */ = {isa = PBXFileReference; lastKnownFileType = sourcecode.swift; path = "Int+Util.swift"; sourceTree = "<group>"; };
		DA29713C248CD852003F9D2B /* UIColor+Util.swift */ = {isa = PBXFileReference; lastKnownFileType = sourcecode.swift; path = "UIColor+Util.swift"; sourceTree = "<group>"; };
		DA29713E248CD861003F9D2B /* Utils.swift */ = {isa = PBXFileReference; lastKnownFileType = sourcecode.swift; path = Utils.swift; sourceTree = "<group>"; };
		DA297140248CD9A8003F9D2B /* UILabel+Util.swift */ = {isa = PBXFileReference; lastKnownFileType = sourcecode.swift; path = "UILabel+Util.swift"; sourceTree = "<group>"; };
		DA297142248CDA05003F9D2B /* Date+Util.swift */ = {isa = PBXFileReference; lastKnownFileType = sourcecode.swift; path = "Date+Util.swift"; sourceTree = "<group>"; };
		DA297144248CDA4E003F9D2B /* UIImage+Util.swift */ = {isa = PBXFileReference; lastKnownFileType = sourcecode.swift; path = "UIImage+Util.swift"; sourceTree = "<group>"; };
		DA297146248CDB26003F9D2B /* URL+Util.swift */ = {isa = PBXFileReference; lastKnownFileType = sourcecode.swift; path = "URL+Util.swift"; sourceTree = "<group>"; };
		DA29714A248CDD13003F9D2B /* APPSize.swift */ = {isa = PBXFileReference; lastKnownFileType = sourcecode.swift; path = APPSize.swift; sourceTree = "<group>"; };
		DA29714E248CDE74003F9D2B /* UIFont+Util.swift */ = {isa = PBXFileReference; lastKnownFileType = sourcecode.swift; path = "UIFont+Util.swift"; sourceTree = "<group>"; };
/* End PBXFileReference section */

/* Begin PBXFrameworksBuildPhase section */
		DA297117248CD4E5003F9D2B /* Frameworks */ = {
			isa = PBXFrameworksBuildPhase;
			buildActionMask = 2147483647;
			files = (
			);
			runOnlyForDeploymentPostprocessing = 0;
		};
/* End PBXFrameworksBuildPhase section */

/* Begin PBXGroup section */
		DA297111248CD4E5003F9D2B = {
			isa = PBXGroup;
			children = (
				DA29711C248CD4E6003F9D2B /* JRUtils_Swift */,
				DA29711B248CD4E5003F9D2B /* Products */,
			);
			sourceTree = "<group>";
		};
		DA29711B248CD4E5003F9D2B /* Products */ = {
			isa = PBXGroup;
			children = (
				DA29711A248CD4E5003F9D2B /* JRUtils_Swift.app */,
			);
			name = Products;
			sourceTree = "<group>";
		};
		DA29711C248CD4E6003F9D2B /* JRUtils_Swift */ = {
			isa = PBXGroup;
			children = (
				DA297131248CD5D9003F9D2B /* Classes */,
				DA29711D248CD4E6003F9D2B /* AppDelegate.swift */,
				DA29711F248CD4E6003F9D2B /* SceneDelegate.swift */,
				DA297121248CD4E6003F9D2B /* ViewController.swift */,
				DA297123248CD4E6003F9D2B /* Main.storyboard */,
				DA297126248CD4E9003F9D2B /* Assets.xcassets */,
				DA297128248CD4E9003F9D2B /* LaunchScreen.storyboard */,
				DA29712B248CD4E9003F9D2B /* Info.plist */,
			);
			path = JRUtils_Swift;
			sourceTree = "<group>";
		};
		DA297131248CD5D9003F9D2B /* Classes */ = {
			isa = PBXGroup;
			children = (
				DA297132248CD5D9003F9D2B /* Extension */,
				DA297133248CD5D9003F9D2B /* Define */,
				DA297134248CD5D9003F9D2B /* Utils */,
				DA297135248CD5D9003F9D2B /* Tool */,
			);
			path = Classes;
			sourceTree = "<group>";
		};
		DA297132248CD5D9003F9D2B /* Extension */ = {
			isa = PBXGroup;
			children = (
				DA297136248CD5FF003F9D2B /* UIView+Util.swift */,
				DA297138248CD64F003F9D2B /* String+Util.swift */,
				DA29713A248CD81C003F9D2B /* Int+Util.swift */,
				DA29713C248CD852003F9D2B /* UIColor+Util.swift */,
				DA297140248CD9A8003F9D2B /* UILabel+Util.swift */,
				DA297142248CDA05003F9D2B /* Date+Util.swift */,
				DA297144248CDA4E003F9D2B /* UIImage+Util.swift */,
				DA297146248CDB26003F9D2B /* URL+Util.swift */,
				DA29714E248CDE74003F9D2B /* UIFont+Util.swift */,
			);
			path = Extension;
			sourceTree = "<group>";
		};
		DA297133248CD5D9003F9D2B /* Define */ = {
			isa = PBXGroup;
			children = (
				DA29714A248CDD13003F9D2B /* APPSize.swift */,
			);
			path = Define;
			sourceTree = "<group>";
		};
		DA297134248CD5D9003F9D2B /* Utils */ = {
			isa = PBXGroup;
			children = (
				DA29713E248CD861003F9D2B /* Utils.swift */,
			);
			path = Utils;
			sourceTree = "<group>";
		};
		DA297135248CD5D9003F9D2B /* Tool */ = {
			isa = PBXGroup;
			children = (
			);
			path = Tool;
			sourceTree = "<group>";
		};
/* End PBXGroup section */

/* Begin PBXNativeTarget section */
		DA297119248CD4E5003F9D2B /* JRUtils_Swift */ = {
			isa = PBXNativeTarget;
			buildConfigurationList = DA29712E248CD4E9003F9D2B /* Build configuration list for PBXNativeTarget "JRUtils_Swift" */;
			buildPhases = (
				DA297116248CD4E5003F9D2B /* Sources */,
				DA297117248CD4E5003F9D2B /* Frameworks */,
				DA297118248CD4E5003F9D2B /* Resources */,
			);
			buildRules = (
			);
			dependencies = (
			);
			name = JRUtils_Swift;
			productName = JRUtils_Swift;
			productReference = DA29711A248CD4E5003F9D2B /* JRUtils_Swift.app */;
			productType = "com.apple.product-type.application";
		};
/* End PBXNativeTarget section */

/* Begin PBXProject section */
		DA297112248CD4E5003F9D2B /* Project object */ = {
			isa = PBXProject;
			attributes = {
				LastSwiftUpdateCheck = 1150;
				LastUpgradeCheck = 1150;
				ORGANIZATIONNAME = "梁嘉仁";
				TargetAttributes = {
					DA297119248CD4E5003F9D2B = {
						CreatedOnToolsVersion = 11.5;
					};
				};
			};
			buildConfigurationList = DA297115248CD4E5003F9D2B /* Build configuration list for PBXProject "JRUtils_Swift" */;
			compatibilityVersion = "Xcode 9.3";
			developmentRegion = en;
			hasScannedForEncodings = 0;
			knownRegions = (
				en,
				Base,
			);
			mainGroup = DA297111248CD4E5003F9D2B;
			productRefGroup = DA29711B248CD4E5003F9D2B /* Products */;
			projectDirPath = "";
			projectRoot = "";
			targets = (
				DA297119248CD4E5003F9D2B /* JRUtils_Swift */,
			);
		};
/* End PBXProject section */

/* Begin PBXResourcesBuildPhase section */
		DA297118248CD4E5003F9D2B /* Resources */ = {
			isa = PBXResourcesBuildPhase;
			buildActionMask = 2147483647;
			files = (
				DA29712A248CD4E9003F9D2B /* LaunchScreen.storyboard in Resources */,
				DA297127248CD4E9003F9D2B /* Assets.xcassets in Resources */,
				DA297125248CD4E6003F9D2B /* Main.storyboard in Resources */,
			);
			runOnlyForDeploymentPostprocessing = 0;
		};
/* End PBXResourcesBuildPhase section */

/* Begin PBXSourcesBuildPhase section */
		DA297116248CD4E5003F9D2B /* Sources */ = {
			isa = PBXSourcesBuildPhase;
			buildActionMask = 2147483647;
			files = (
				DA29714F248CDE74003F9D2B /* UIFont+Util.swift in Sources */,
				DA297122248CD4E6003F9D2B /* ViewController.swift in Sources */,
				DA297147248CDB26003F9D2B /* URL+Util.swift in Sources */,
				DA297143248CDA05003F9D2B /* Date+Util.swift in Sources */,
				DA297141248CD9A8003F9D2B /* UILabel+Util.swift in Sources */,
				DA297145248CDA4E003F9D2B /* UIImage+Util.swift in Sources */,
				DA29714B248CDD13003F9D2B /* APPSize.swift in Sources */,
				DA29711E248CD4E6003F9D2B /* AppDelegate.swift in Sources */,
				DA297139248CD64F003F9D2B /* String+Util.swift in Sources */,
				DA29713B248CD81C003F9D2B /* Int+Util.swift in Sources */,
				DA29713D248CD852003F9D2B /* UIColor+Util.swift in Sources */,
				DA297137248CD5FF003F9D2B /* UIView+Util.swift in Sources */,
				DA297120248CD4E6003F9D2B /* SceneDelegate.swift in Sources */,
				DA29713F248CD861003F9D2B /* Utils.swift in Sources */,
			);
			runOnlyForDeploymentPostprocessing = 0;
		};
/* End PBXSourcesBuildPhase section */

/* Begin PBXVariantGroup section */
		DA297123248CD4E6003F9D2B /* Main.storyboard */ = {
			isa = PBXVariantGroup;
			children = (
				DA297124248CD4E6003F9D2B /* Base */,
			);
			name = Main.storyboard;
			sourceTree = "<group>";
		};
		DA297128248CD4E9003F9D2B /* LaunchScreen.storyboard */ = {
			isa = PBXVariantGroup;
			children = (
				DA297129248CD4E9003F9D2B /* Base */,
			);
			name = LaunchScreen.storyboard;
			sourceTree = "<group>";
		};
/* End PBXVariantGroup section */

/* Begin XCBuildConfiguration section */
		DA29712C248CD4E9003F9D2B /* Debug */ = {
			isa = XCBuildConfiguration;
			buildSettings = {
				ALWAYS_SEARCH_USER_PATHS = NO;
				CLANG_ANALYZER_NONNULL = YES;
				CLANG_ANALYZER_NUMBER_OBJECT_CONVERSION = YES_AGGRESSIVE;
				CLANG_CXX_LANGUAGE_STANDARD = "gnu++14";
				CLANG_CXX_LIBRARY = "libc++";
				CLANG_ENABLE_MODULES = YES;
				CLANG_ENABLE_OBJC_ARC = YES;
				CLANG_ENABLE_OBJC_WEAK = YES;
				CLANG_WARN_BLOCK_CAPTURE_AUTORELEASING = YES;
				CLANG_WARN_BOOL_CONVERSION = YES;
				CLANG_WARN_COMMA = YES;
				CLANG_WARN_CONSTANT_CONVERSION = YES;
				CLANG_WARN_DEPRECATED_OBJC_IMPLEMENTATIONS = YES;
				CLANG_WARN_DIRECT_OBJC_ISA_USAGE = YES_ERROR;
				CLANG_WARN_DOCUMENTATION_COMMENTS = YES;
				CLANG_WARN_EMPTY_BODY = YES;
				CLANG_WARN_ENUM_CONVERSION = YES;
				CLANG_WARN_INFINITE_RECURSION = YES;
				CLANG_WARN_INT_CONVERSION = YES;
				CLANG_WARN_NON_LITERAL_NULL_CONVERSION = YES;
				CLANG_WARN_OBJC_IMPLICIT_RETAIN_SELF = YES;
				CLANG_WARN_OBJC_LITERAL_CONVERSION = YES;
				CLANG_WARN_OBJC_ROOT_CLASS = YES_ERROR;
				CLANG_WARN_RANGE_LOOP_ANALYSIS = YES;
				CLANG_WARN_STRICT_PROTOTYPES = YES;
				CLANG_WARN_SUSPICIOUS_MOVE = YES;
				CLANG_WARN_UNGUARDED_AVAILABILITY = YES_AGGRESSIVE;
				CLANG_WARN_UNREACHABLE_CODE = YES;
				CLANG_WARN__DUPLICATE_METHOD_MATCH = YES;
				COPY_PHASE_STRIP = NO;
				DEBUG_INFORMATION_FORMAT = dwarf;
				ENABLE_STRICT_OBJC_MSGSEND = YES;
				ENABLE_TESTABILITY = YES;
				GCC_C_LANGUAGE_STANDARD = gnu11;
				GCC_DYNAMIC_NO_PIC = NO;
				GCC_NO_COMMON_BLOCKS = YES;
				GCC_OPTIMIZATION_LEVEL = 0;
				GCC_PREPROCESSOR_DEFINITIONS = (
					"DEBUG=1",
					"$(inherited)",
				);
				GCC_WARN_64_TO_32_BIT_CONVERSION = YES;
				GCC_WARN_ABOUT_RETURN_TYPE = YES_ERROR;
				GCC_WARN_UNDECLARED_SELECTOR = YES;
				GCC_WARN_UNINITIALIZED_AUTOS = YES_AGGRESSIVE;
				GCC_WARN_UNUSED_FUNCTION = YES;
				GCC_WARN_UNUSED_VARIABLE = YES;
				IPHONEOS_DEPLOYMENT_TARGET = 13.5;
				MTL_ENABLE_DEBUG_INFO = INCLUDE_SOURCE;
				MTL_FAST_MATH = YES;
				ONLY_ACTIVE_ARCH = YES;
				SDKROOT = iphoneos;
				SWIFT_ACTIVE_COMPILATION_CONDITIONS = DEBUG;
				SWIFT_OPTIMIZATION_LEVEL = "-Onone";
			};
			name = Debug;
		};
		DA29712D248CD4E9003F9D2B /* Release */ = {
			isa = XCBuildConfiguration;
			buildSettings = {
				ALWAYS_SEARCH_USER_PATHS = NO;
				CLANG_ANALYZER_NONNULL = YES;
				CLANG_ANALYZER_NUMBER_OBJECT_CONVERSION = YES_AGGRESSIVE;
				CLANG_CXX_LANGUAGE_STANDARD = "gnu++14";
				CLANG_CXX_LIBRARY = "libc++";
				CLANG_ENABLE_MODULES = YES;
				CLANG_ENABLE_OBJC_ARC = YES;
				CLANG_ENABLE_OBJC_WEAK = YES;
				CLANG_WARN_BLOCK_CAPTURE_AUTORELEASING = YES;
				CLANG_WARN_BOOL_CONVERSION = YES;
				CLANG_WARN_COMMA = YES;
				CLANG_WARN_CONSTANT_CONVERSION = YES;
				CLANG_WARN_DEPRECATED_OBJC_IMPLEMENTATIONS = YES;
				CLANG_WARN_DIRECT_OBJC_ISA_USAGE = YES_ERROR;
				CLANG_WARN_DOCUMENTATION_COMMENTS = YES;
				CLANG_WARN_EMPTY_BODY = YES;
				CLANG_WARN_ENUM_CONVERSION = YES;
				CLANG_WARN_INFINITE_RECURSION = YES;
				CLANG_WARN_INT_CONVERSION = YES;
				CLANG_WARN_NON_LITERAL_NULL_CONVERSION = YES;
				CLANG_WARN_OBJC_IMPLICIT_RETAIN_SELF = YES;
				CLANG_WARN_OBJC_LITERAL_CONVERSION = YES;
				CLANG_WARN_OBJC_ROOT_CLASS = YES_ERROR;
				CLANG_WARN_RANGE_LOOP_ANALYSIS = YES;
				CLANG_WARN_STRICT_PROTOTYPES = YES;
				CLANG_WARN_SUSPICIOUS_MOVE = YES;
				CLANG_WARN_UNGUARDED_AVAILABILITY = YES_AGGRESSIVE;
				CLANG_WARN_UNREACHABLE_CODE = YES;
				CLANG_WARN__DUPLICATE_METHOD_MATCH = YES;
				COPY_PHASE_STRIP = NO;
				DEBUG_INFORMATION_FORMAT = "dwarf-with-dsym";
				ENABLE_NS_ASSERTIONS = NO;
				ENABLE_STRICT_OBJC_MSGSEND = YES;
				GCC_C_LANGUAGE_STANDARD = gnu11;
				GCC_NO_COMMON_BLOCKS = YES;
				GCC_WARN_64_TO_32_BIT_CONVERSION = YES;
				GCC_WARN_ABOUT_RETURN_TYPE = YES_ERROR;
				GCC_WARN_UNDECLARED_SELECTOR = YES;
				GCC_WARN_UNINITIALIZED_AUTOS = YES_AGGRESSIVE;
				GCC_WARN_UNUSED_FUNCTION = YES;
				GCC_WARN_UNUSED_VARIABLE = YES;
				IPHONEOS_DEPLOYMENT_TARGET = 13.5;
				MTL_ENABLE_DEBUG_INFO = NO;
				MTL_FAST_MATH = YES;
				SDKROOT = iphoneos;
				SWIFT_COMPILATION_MODE = wholemodule;
				SWIFT_OPTIMIZATION_LEVEL = "-O";
				VALIDATE_PRODUCT = YES;
			};
			name = Release;
		};
		DA29712F248CD4E9003F9D2B /* Debug */ = {
			isa = XCBuildConfiguration;
			buildSettings = {
				ASSETCATALOG_COMPILER_APPICON_NAME = AppIcon;
				CODE_SIGN_STYLE = Automatic;
				DEVELOPMENT_TEAM = P9K2Z2LD4T;
				INFOPLIST_FILE = JRUtils_Swift/Info.plist;
				LD_RUNPATH_SEARCH_PATHS = (
					"$(inherited)",
					"@executable_path/Frameworks",
				);
				PRODUCT_BUNDLE_IDENTIFIER = "com.JRUtils-Swift";
				PRODUCT_NAME = "$(TARGET_NAME)";
				SWIFT_VERSION = 5.0;
				TARGETED_DEVICE_FAMILY = "1,2";
			};
			name = Debug;
		};
		DA297130248CD4E9003F9D2B /* Release */ = {
			isa = XCBuildConfiguration;
			buildSettings = {
				ASSETCATALOG_COMPILER_APPICON_NAME = AppIcon;
				CODE_SIGN_STYLE = Automatic;
				DEVELOPMENT_TEAM = P9K2Z2LD4T;
				INFOPLIST_FILE = JRUtils_Swift/Info.plist;
				LD_RUNPATH_SEARCH_PATHS = (
					"$(inherited)",
					"@executable_path/Frameworks",
				);
				PRODUCT_BUNDLE_IDENTIFIER = "com.JRUtils-Swift";
				PRODUCT_NAME = "$(TARGET_NAME)";
				SWIFT_VERSION = 5.0;
				TARGETED_DEVICE_FAMILY = "1,2";
			};
			name = Release;
		};
/* End XCBuildConfiguration section */

/* Begin XCConfigurationList section */
		DA297115248CD4E5003F9D2B /* Build configuration list for PBXProject "JRUtils_Swift" */ = {
			isa = XCConfigurationList;
			buildConfigurations = (
				DA29712C248CD4E9003F9D2B /* Debug */,
				DA29712D248CD4E9003F9D2B /* Release */,
			);
			defaultConfigurationIsVisible = 0;
			defaultConfigurationName = Release;
		};
		DA29712E248CD4E9003F9D2B /* Build configuration list for PBXNativeTarget "JRUtils_Swift" */ = {
			isa = XCConfigurationList;
			buildConfigurations = (
				DA29712F248CD4E9003F9D2B /* Debug */,
				DA297130248CD4E9003F9D2B /* Release */,
			);
			defaultConfigurationIsVisible = 0;
			defaultConfigurationName = Release;
		};
/* End XCConfigurationList section */
	};
	rootObject = DA297112248CD4E5003F9D2B /* Project object */;
}
